// !$*UTF8*$!
{
	archiveVersion = 1;
	classes = {
	};
	objectVersion = 46;
	objects = {

/* Begin PBXBuildFile section */
		55429CCA1DB7F43F0095BF32 /* TweetTableViewCell.swift in Sources */ = {isa = PBXBuildFile; fileRef = 55429CC91DB7F43F0095BF32 /* TweetTableViewCell.swift */; };
		55429CCC1DB8037A0095BF32 /* DetailViewController.swift in Sources */ = {isa = PBXBuildFile; fileRef = 55429CCB1DB8037A0095BF32 /* DetailViewController.swift */; };
		55429CD01DB83C900095BF32 /* ProfileViewController.swift in Sources */ = {isa = PBXBuildFile; fileRef = 55429CCF1DB83C900095BF32 /* ProfileViewController.swift */; };
		556F04E71DB542670086FC42 /* AppDelegate.swift in Sources */ = {isa = PBXBuildFile; fileRef = 556F04E61DB542670086FC42 /* AppDelegate.swift */; };
		556F04E91DB542670086FC42 /* ViewController.swift in Sources */ = {isa = PBXBuildFile; fileRef = 556F04E81DB542670086FC42 /* ViewController.swift */; };
		556F04EC1DB542670086FC42 /* Main.storyboard in Resources */ = {isa = PBXBuildFile; fileRef = 556F04EA1DB542670086FC42 /* Main.storyboard */; };
		556F04EE1DB542670086FC42 /* Assets.xcassets in Resources */ = {isa = PBXBuildFile; fileRef = 556F04ED1DB542670086FC42 /* Assets.xcassets */; };
		556F04F11DB542670086FC42 /* LaunchScreen.storyboard in Resources */ = {isa = PBXBuildFile; fileRef = 556F04EF1DB542670086FC42 /* LaunchScreen.storyboard */; };
		556F04F91DB542D90086FC42 /* tweet.json in Resources */ = {isa = PBXBuildFile; fileRef = 556F04F81DB542D90086FC42 /* tweet.json */; };
		556F04FB1DB543CB0086FC42 /* User.swift in Sources */ = {isa = PBXBuildFile; fileRef = 556F04FA1DB543CB0086FC42 /* User.swift */; };
		556F04FD1DB543DB0086FC42 /* Tweet.swift in Sources */ = {isa = PBXBuildFile; fileRef = 556F04FC1DB543DB0086FC42 /* Tweet.swift */; };
		556F05001DB54F810086FC42 /* JSONParser.swift in Sources */ = {isa = PBXBuildFile; fileRef = 556F04FF1DB54F810086FC42 /* JSONParser.swift */; };
		55A7B8B61DB69E2500E8153F /* API.swift in Sources */ = {isa = PBXBuildFile; fileRef = 55A7B8B51DB69E2500E8153F /* API.swift */; };
		55A7B8BB1DB6F78400E8153F /* AlertController.swift in Sources */ = {isa = PBXBuildFile; fileRef = 55A7B8BA1DB6F78400E8153F /* AlertController.swift */; };
/* End PBXBuildFile section */

/* Begin PBXFileReference section */
		55429CC91DB7F43F0095BF32 /* TweetTableViewCell.swift */ = {isa = PBXFileReference; fileEncoding = 4; lastKnownFileType = sourcecode.swift; path = TweetTableViewCell.swift; sourceTree = "<group>"; };
		55429CCB1DB8037A0095BF32 /* DetailViewController.swift */ = {isa = PBXFileReference; fileEncoding = 4; lastKnownFileType = sourcecode.swift; path = DetailViewController.swift; sourceTree = "<group>"; };
		55429CCF1DB83C900095BF32 /* ProfileViewController.swift */ = {isa = PBXFileReference; fileEncoding = 4; lastKnownFileType = sourcecode.swift; path = ProfileViewController.swift; sourceTree = "<group>"; };
		556F04E31DB542670086FC42 /* TwitterClient.app */ = {isa = PBXFileReference; explicitFileType = wrapper.application; includeInIndex = 0; path = TwitterClient.app; sourceTree = BUILT_PRODUCTS_DIR; };
		556F04E61DB542670086FC42 /* AppDelegate.swift */ = {isa = PBXFileReference; lastKnownFileType = sourcecode.swift; path = AppDelegate.swift; sourceTree = "<group>"; };
		556F04E81DB542670086FC42 /* ViewController.swift */ = {isa = PBXFileReference; lastKnownFileType = sourcecode.swift; path = ViewController.swift; sourceTree = "<group>"; };
		556F04EB1DB542670086FC42 /* Base */ = {isa = PBXFileReference; lastKnownFileType = file.storyboard; name = Base; path = Base.lproj/Main.storyboard; sourceTree = "<group>"; };
		556F04ED1DB542670086FC42 /* Assets.xcassets */ = {isa = PBXFileReference; lastKnownFileType = folder.assetcatalog; path = Assets.xcassets; sourceTree = "<group>"; };
		556F04F01DB542670086FC42 /* Base */ = {isa = PBXFileReference; lastKnownFileType = file.storyboard; name = Base; path = Base.lproj/LaunchScreen.storyboard; sourceTree = "<group>"; };
		556F04F21DB542670086FC42 /* Info.plist */ = {isa = PBXFileReference; lastKnownFileType = text.plist.xml; path = Info.plist; sourceTree = "<group>"; };
		556F04F81DB542D90086FC42 /* tweet.json */ = {isa = PBXFileReference; fileEncoding = 4; lastKnownFileType = text.json; name = tweet.json; path = ../tweet.json; sourceTree = "<group>"; };
		556F04FA1DB543CB0086FC42 /* User.swift */ = {isa = PBXFileReference; fileEncoding = 4; lastKnownFileType = sourcecode.swift; path = User.swift; sourceTree = "<group>"; };
		556F04FC1DB543DB0086FC42 /* Tweet.swift */ = {isa = PBXFileReference; fileEncoding = 4; lastKnownFileType = sourcecode.swift; path = Tweet.swift; sourceTree = "<group>"; };
		556F04FF1DB54F810086FC42 /* JSONParser.swift */ = {isa = PBXFileReference; fileEncoding = 4; lastKnownFileType = sourcecode.swift; path = JSONParser.swift; sourceTree = "<group>"; };
		55A7B8B51DB69E2500E8153F /* API.swift */ = {isa = PBXFileReference; fileEncoding = 4; lastKnownFileType = sourcecode.swift; path = API.swift; sourceTree = "<group>"; };
		55A7B8B71DB6C65D00E8153F /* day7lab.playground */ = {isa = PBXFileReference; lastKnownFileType = file.playground; path = day7lab.playground; sourceTree = "<group>"; };
		55A7B8BA1DB6F78400E8153F /* AlertController.swift */ = {isa = PBXFileReference; fileEncoding = 4; lastKnownFileType = sourcecode.swift; path = AlertController.swift; sourceTree = "<group>"; };
/* End PBXFileReference section */

/* Begin PBXFrameworksBuildPhase section */
		556F04E01DB542670086FC42 /* Frameworks */ = {
			isa = PBXFrameworksBuildPhase;
			buildActionMask = 2147483647;
			files = (
			);
			runOnlyForDeploymentPostprocessing = 0;
		};
/* End PBXFrameworksBuildPhase section */

/* Begin PBXGroup section */
		556F04DA1DB542670086FC42 = {
			isa = PBXGroup;
			children = (
				55A7B8B71DB6C65D00E8153F /* day7lab.playground */,
				556F04E51DB542670086FC42 /* TwitterClient */,
				556F04E41DB542670086FC42 /* Products */,
			);
			sourceTree = "<group>";
		};
		556F04E41DB542670086FC42 /* Products */ = {
			isa = PBXGroup;
			children = (
				556F04E31DB542670086FC42 /* TwitterClient.app */,
			);
			name = Products;
			sourceTree = "<group>";
		};
		556F04E51DB542670086FC42 /* TwitterClient */ = {
			isa = PBXGroup;
			children = (
				556F04E61DB542670086FC42 /* AppDelegate.swift */,
				556F04FE1DB5442F0086FC42 /* Model */,
				55A7B8B31DB67FF300E8153F /* Controller */,
				55A7B8B41DB6805500E8153F /* View */,
				556F04ED1DB542670086FC42 /* Assets.xcassets */,
				556F04EF1DB542670086FC42 /* LaunchScreen.storyboard */,
				556F04F21DB542670086FC42 /* Info.plist */,
			);
			path = TwitterClient;
			sourceTree = "<group>";
		};
		556F04FE1DB5442F0086FC42 /* Model */ = {
			isa = PBXGroup;
			children = (
				556F04F81DB542D90086FC42 /* tweet.json */,
				556F04FF1DB54F810086FC42 /* JSONParser.swift */,
				556F04FC1DB543DB0086FC42 /* Tweet.swift */,
				556F04FA1DB543CB0086FC42 /* User.swift */,
				556F04EA1DB542670086FC42 /* Main.storyboard */,
			);
			name = Model;
			sourceTree = "<group>";
		};
		55A7B8B31DB67FF300E8153F /* Controller */ = {
			isa = PBXGroup;
			children = (
				556F04E81DB542670086FC42 /* ViewController.swift */,
				55429CCB1DB8037A0095BF32 /* DetailViewController.swift */,
				55429CCF1DB83C900095BF32 /* ProfileViewController.swift */,
				55A7B8BA1DB6F78400E8153F /* AlertController.swift */,
				55A7B8B51DB69E2500E8153F /* API.swift */,
			);
			name = Controller;
			sourceTree = "<group>";
		};
		55A7B8B41DB6805500E8153F /* View */ = {
			isa = PBXGroup;
			children = (
				55429CC91DB7F43F0095BF32 /* TweetTableViewCell.swift */,
			);
			name = View;
			sourceTree = "<group>";
		};
/* End PBXGroup section */

/* Begin PBXNativeTarget section */
		556F04E21DB542670086FC42 /* TwitterClient */ = {
			isa = PBXNativeTarget;
			buildConfigurationList = 556F04F51DB542670086FC42 /* Build configuration list for PBXNativeTarget "TwitterClient" */;
			buildPhases = (
				556F04DF1DB542670086FC42 /* Sources */,
				556F04E01DB542670086FC42 /* Frameworks */,
				556F04E11DB542670086FC42 /* Resources */,
			);
			buildRules = (
			);
			dependencies = (
			);
			name = TwitterClient;
			productName = TwitterClient;
			productReference = 556F04E31DB542670086FC42 /* TwitterClient.app */;
			productType = "com.apple.product-type.application";
		};
/* End PBXNativeTarget section */

/* Begin PBXProject section */
		556F04DB1DB542670086FC42 /* Project object */ = {
			isa = PBXProject;
			attributes = {
				LastSwiftUpdateCheck = 0800;
				LastUpgradeCheck = 0800;
				ORGANIZATIONNAME = "Erica Winberry";
				TargetAttributes = {
					556F04E21DB542670086FC42 = {
						CreatedOnToolsVersion = 8.0;
						ProvisioningStyle = Automatic;
					};
				};
			};
			buildConfigurationList = 556F04DE1DB542670086FC42 /* Build configuration list for PBXProject "TwitterClient" */;
			compatibilityVersion = "Xcode 3.2";
			developmentRegion = English;
			hasScannedForEncodings = 0;
			knownRegions = (
				en,
				Base,
			);
			mainGroup = 556F04DA1DB542670086FC42;
			productRefGroup = 556F04E41DB542670086FC42 /* Products */;
			projectDirPath = "";
			projectRoot = "";
			targets = (
				556F04E21DB542670086FC42 /* TwitterClient */,
			);
		};
/* End PBXProject section */

/* Begin PBXResourcesBuildPhase section */
		556F04E11DB542670086FC42 /* Resources */ = {
			isa = PBXResourcesBuildPhase;
			buildActionMask = 2147483647;
			files = (
				556F04F11DB542670086FC42 /* LaunchScreen.storyboard in Resources */,
				556F04EE1DB542670086FC42 /* Assets.xcassets in Resources */,
				556F04EC1DB542670086FC42 /* Main.storyboard in Resources */,
				556F04F91DB542D90086FC42 /* tweet.json in Resources */,
			);
			runOnlyForDeploymentPostprocessing = 0;
		};
/* End PBXResourcesBuildPhase section */

/* Begin PBXSourcesBuildPhase section */
		556F04DF1DB542670086FC42 /* Sources */ = {
			isa = PBXSourcesBuildPhase;
			buildActionMask = 2147483647;
			files = (
				55429CCC1DB8037A0095BF32 /* DetailViewController.swift in Sources */,
				556F04E91DB542670086FC42 /* ViewController.swift in Sources */,
				55429CD01DB83C900095BF32 /* ProfileViewController.swift in Sources */,
				556F05001DB54F810086FC42 /* JSONParser.swift in Sources */,
				556F04E71DB542670086FC42 /* AppDelegate.swift in Sources */,
				556F04FB1DB543CB0086FC42 /* User.swift in Sources */,
				55A7B8BB1DB6F78400E8153F /* AlertController.swift in Sources */,
				55A7B8B61DB69E2500E8153F /* API.swift in Sources */,
				556F04FD1DB543DB0086FC42 /* Tweet.swift in Sources */,
				55429CCA1DB7F43F0095BF32 /* TweetTableViewCell.swift in Sources */,
			);
			runOnlyForDeploymentPostprocessing = 0;
		};
/* End PBXSourcesBuildPhase section */

/* Begin PBXVariantGroup section */
		556F04EA1DB542670086FC42 /* Main.storyboard */ = {
			isa = PBXVariantGroup;
			children = (
				556F04EB1DB542670086FC42 /* Base */,
			);
			name = Main.storyboard;
			sourceTree = "<group>";
		};
		556F04EF1DB542670086FC42 /* LaunchScreen.storyboard */ = {
			isa = PBXVariantGroup;
			children = (
				556F04F01DB542670086FC42 /* Base */,
			);
			name = LaunchScreen.storyboard;
			sourceTree = "<group>";
		};
/* End PBXVariantGroup section */

/* Begin XCBuildConfiguration section */
		556F04F31DB542670086FC42 /* Debug */ = {
			isa = XCBuildConfiguration;
			buildSettings = {
				ALWAYS_SEARCH_USER_PATHS = NO;
				CLANG_ANALYZER_NONNULL = YES;
				CLANG_CXX_LANGUAGE_STANDARD = "gnu++0x";
				CLANG_CXX_LIBRARY = "libc++";
				CLANG_ENABLE_MODULES = YES;
				CLANG_ENABLE_OBJC_ARC = YES;
				CLANG_WARN_BOOL_CONVERSION = YES;
				CLANG_WARN_CONSTANT_CONVERSION = YES;
				CLANG_WARN_DIRECT_OBJC_ISA_USAGE = YES_ERROR;
				CLANG_WARN_DOCUMENTATION_COMMENTS = YES;
				CLANG_WARN_EMPTY_BODY = YES;
				CLANG_WARN_ENUM_CONVERSION = YES;
				CLANG_WARN_INFINITE_RECURSION = YES;
				CLANG_WARN_INT_CONVERSION = YES;
				CLANG_WARN_OBJC_ROOT_CLASS = YES_ERROR;
				CLANG_WARN_SUSPICIOUS_MOVES = YES;
				CLANG_WARN_UNREACHABLE_CODE = YES;
				CLANG_WARN__DUPLICATE_METHOD_MATCH = YES;
				"CODE_SIGN_IDENTITY[sdk=iphoneos*]" = "iPhone Developer";
				COPY_PHASE_STRIP = NO;
				DEBUG_INFORMATION_FORMAT = dwarf;
				ENABLE_STRICT_OBJC_MSGSEND = YES;
				ENABLE_TESTABILITY = YES;
				GCC_C_LANGUAGE_STANDARD = gnu99;
				GCC_DYNAMIC_NO_PIC = NO;
				GCC_NO_COMMON_BLOCKS = YES;
				GCC_OPTIMIZATION_LEVEL = 0;
				GCC_PREPROCESSOR_DEFINITIONS = (
					"DEBUG=1",
					"$(inherited)",
				);
				GCC_WARN_64_TO_32_BIT_CONVERSION = YES;
				GCC_WARN_ABOUT_RETURN_TYPE = YES_ERROR;
				GCC_WARN_UNDECLARED_SELECTOR = YES;
				GCC_WARN_UNINITIALIZED_AUTOS = YES_AGGRESSIVE;
				GCC_WARN_UNUSED_FUNCTION = YES;
				GCC_WARN_UNUSED_VARIABLE = YES;
				IPHONEOS_DEPLOYMENT_TARGET = 10.0;
				MTL_ENABLE_DEBUG_INFO = YES;
				ONLY_ACTIVE_ARCH = YES;
				SDKROOT = iphoneos;
				SWIFT_ACTIVE_COMPILATION_CONDITIONS = DEBUG;
				SWIFT_OPTIMIZATION_LEVEL = "-Onone";
				TARGETED_DEVICE_FAMILY = "1,2";
			};
			name = Debug;
		};
		556F04F41DB542670086FC42 /* Release */ = {
			isa = XCBuildConfiguration;
			buildSettings = {
				ALWAYS_SEARCH_USER_PATHS = NO;
				CLANG_ANALYZER_NONNULL = YES;
				CLANG_CXX_LANGUAGE_STANDARD = "gnu++0x";
				CLANG_CXX_LIBRARY = "libc++";
				CLANG_ENABLE_MODULES = YES;
				CLANG_ENABLE_OBJC_ARC = YES;
				CLANG_WARN_BOOL_CONVERSION = YES;
				CLANG_WARN_CONSTANT_CONVERSION = YES;
				CLANG_WARN_DIRECT_OBJC_ISA_USAGE = YES_ERROR;
				CLANG_WARN_DOCUMENTATION_COMMENTS = YES;
				CLANG_WARN_EMPTY_BODY = YES;
				CLANG_WARN_ENUM_CONVERSION = YES;
				CLANG_WARN_INFINITE_RECURSION = YES;
				CLANG_WARN_INT_CONVERSION = YES;
				CLANG_WARN_OBJC_ROOT_CLASS = YES_ERROR;
				CLANG_WARN_SUSPICIOUS_MOVES = YES;
				CLANG_WARN_UNREACHABLE_CODE = YES;
				CLANG_WARN__DUPLICATE_METHOD_MATCH = YES;
				"CODE_SIGN_IDENTITY[sdk=iphoneos*]" = "iPhone Developer";
				COPY_PHASE_STRIP = NO;
				DEBUG_INFORMATION_FORMAT = "dwarf-with-dsym";
				ENABLE_NS_ASSERTIONS = NO;
				ENABLE_STRICT_OBJC_MSGSEND = YES;
				GCC_C_LANGUAGE_STANDARD = gnu99;
				GCC_NO_COMMON_BLOCKS = YES;
				GCC_WARN_64_TO_32_BIT_CONVERSION = YES;
				GCC_WARN_ABOUT_RETURN_TYPE = YES_ERROR;
				GCC_WARN_UNDECLARED_SELECTOR = YES;
				GCC_WARN_UNINITIALIZED_AUTOS = YES_AGGRESSIVE;
				GCC_WARN_UNUSED_FUNCTION = YES;
				GCC_WARN_UNUSED_VARIABLE = YES;
				IPHONEOS_DEPLOYMENT_TARGET = 10.0;
				MTL_ENABLE_DEBUG_INFO = NO;
				SDKROOT = iphoneos;
				SWIFT_OPTIMIZATION_LEVEL = "-Owholemodule";
				TARGETED_DEVICE_FAMILY = "1,2";
				VALIDATE_PRODUCT = YES;
			};
			name = Release;
		};
		556F04F61DB542670086FC42 /* Debug */ = {
			isa = XCBuildConfiguration;
			buildSettings = {
				ASSETCATALOG_COMPILER_APPICON_NAME = AppIcon;
				INFOPLIST_FILE = TwitterClient/Info.plist;
				LD_RUNPATH_SEARCH_PATHS = "$(inherited) @executable_path/Frameworks";
				PRODUCT_BUNDLE_IDENTIFIER = "com-elaewin.github.TwitterClient";
				PRODUCT_NAME = "$(TARGET_NAME)";
				SWIFT_VERSION = 3.0;
			};
			name = Debug;
		};
		556F04F71DB542670086FC42 /* Release */ = {
			isa = XCBuildConfiguration;
			buildSettings = {
				ASSETCATALOG_COMPILER_APPICON_NAME = AppIcon;
				INFOPLIST_FILE = TwitterClient/Info.plist;
				LD_RUNPATH_SEARCH_PATHS = "$(inherited) @executable_path/Frameworks";
				PRODUCT_BUNDLE_IDENTIFIER = "com-elaewin.github.TwitterClient";
				PRODUCT_NAME = "$(TARGET_NAME)";
				SWIFT_VERSION = 3.0;
			};
			name = Release;
		};
/* End XCBuildConfiguration section */

/* Begin XCConfigurationList section */
		556F04DE1DB542670086FC42 /* Build configuration list for PBXProject "TwitterClient" */ = {
			isa = XCConfigurationList;
			buildConfigurations = (
				556F04F31DB542670086FC42 /* Debug */,
				556F04F41DB542670086FC42 /* Release */,
			);
			defaultConfigurationIsVisible = 0;
			defaultConfigurationName = Release;
		};
		556F04F51DB542670086FC42 /* Build configuration list for PBXNativeTarget "TwitterClient" */ = {
			isa = XCConfigurationList;
			buildConfigurations = (
				556F04F61DB542670086FC42 /* Debug */,
				556F04F71DB542670086FC42 /* Release */,
			);
			defaultConfigurationIsVisible = 0;
			defaultConfigurationName = Release;
		};
/* End XCConfigurationList section */
	};
	rootObject = 556F04DB1DB542670086FC42 /* Project object */;
}
